
Microsoft Visual Studio Solution File, Format Version 12.00
# Visual Studio Version 17
VisualStudioVersion = 17.4.33122.133
MinimumVisualStudioVersion = 10.0.40219.1
Project("{FAE04EC0-301F-11D3-BF4B-00C04F79EFBC}") = "test", "test.csproj", "{D8089200-FCE1-4329-8F46-79E3C0F44343}"
EndProject
Global
	GlobalSection(SolutionConfigurationPlatforms) = preSolution
		Debug|Any CPU = Debug|Any CPU
		Release|Any CPU = Release|Any CPU
	EndGlobalSection
	GlobalSection(ProjectConfigurationPlatforms) = postSolution
		{D8089200-FCE1-4329-8F46-79E3C0F44343}.Debug|Any CPU.ActiveCfg = Debug|Any CPU
		{D8089200-FCE1-4329-8F46-79E3C0F44343}.Debug|Any CPU.Build.0 = Debug|Any CPU
		{D8089200-FCE1-4329-8F46-79E3C0F44343}.Release|Any CPU.ActiveCfg = Release|Any CPU
		{D8089200-FCE1-4329-8F46-79E3C0F44343}.Release|Any CPU.Build.0 = Release|Any CPU
	EndGlobalSection
	GlobalSection(SolutionProperties) = preSolution
		HideSolutionNode = FALSE
	EndGlobalSection
	GlobalSection(ExtensibilityGlobals) = postSolution
		SolutionGuid = {0D66F5F9-4005-46C7-A4C2-11ABCB28189D}
	EndGlobalSection
EndGlobal
